# This file is autogenerated, do not edit; changes may be undone by the next 'dep ensure'.


[[projects]]
  branch = "master"
  name = "github.com/hkwi/nlgo"
  packages = ["."]
  revision = "dbae43f4fc47bf868bca3cc3c1ea2954c2059842"

[[projects]]
  name = "github.com/hnakamur/ltsvlog"
  packages = ["."]
  revision = "ce881e4d09d8a7c9925810f379fa84d7d4e23f69"
  version = "v2.0.3"

[[projects]]
  branch = "master"
  name = "github.com/mdlayher/arp"
  packages = ["."]
  revision = "43953fc6354aa71b6d6814755eceba262eae9246"

[[projects]]
  branch = "master"
  name = "github.com/mdlayher/ethernet"
  packages = ["."]
  revision = "196d6f3d5fda02b6d737700a421c4b5164814abd"

[[projects]]
  branch = "master"
  name = "github.com/mdlayher/raw"
  packages = ["."]
  revision = "37545f7abc64cfd987decf54f15c79ef211561d1"

[[projects]]
  branch = "master"
  name = "github.com/mqliang/libipvs"
  packages = ["."]
  revision = "f9a6672e2773875cdf660e91ae26d85dae34c351"

[[projects]]
  name = "github.com/pkg/errors"
  packages = ["."]
  revision = "645ef00459ed84a119197bfb8d8205042c6df63d"
  version = "v0.8.0"

[[projects]]
  branch = "master"
  name = "golang.org/x/net"
  packages = ["bpf","context"]
  revision = "d4223d6710aad90f892de3ed4f1e7539ccc444a0"

[[projects]]
  branch = "v2"
  name = "gopkg.in/yaml.v2"
  packages = ["."]
  revision = "cd8b52f8269e0feb286dfeef29f8fe4d5b397e0b"

[solve-meta]
  analyzer-name = "dep"
  analyzer-version = 1
  inputs-digest = "c4fbcb40f7b0778d6714dd080996cadc223c4a3890e95aa0b57c969b532c8de8"
  solver-name = "gps-cdcl"
  solver-version = 1
