# This file is autogenerated, do not edit; changes may be undone by the next 'dep ensure'.


[[projects]]
  branch = "master"
  name = "github.com/hkwi/nlgo"
  packages = ["."]
  revision = "dbae43f4fc47bf868bca3cc3c1ea2954c2059842"

[[projects]]
  name = "github.com/hnakamur/ltsvlog"
  packages = ["."]
  revision = "16d09ed0480d32c289a338ae10bd179b46a8bcaa"
  version = "v2.0.4"

[[projects]]
  branch = "master"
  name = "github.com/hnakamur/netutil"
  packages = ["."]
  revision = "1d0a4a9f82bff9ccbd712616d67642e9322d1cd0"

[[projects]]
  branch = "master"
  name = "github.com/hnakamur/serverstarter"
  packages = ["."]
  revision = "4e77f3f8ac2cbb06e5051f5094d3308d8a93683c"

[[projects]]
  branch = "master"
  name = "github.com/hnakamur/webapputil"
  packages = [".","problem"]
  revision = "4a440ac601c29de3c77a6c803d0d380bf1c67d8a"

[[projects]]
  branch = "master"
  name = "github.com/mdlayher/arp"
  packages = ["."]
  revision = "43953fc6354aa71b6d6814755eceba262eae9246"

[[projects]]
  branch = "master"
  name = "github.com/mdlayher/ethernet"
  packages = ["."]
  revision = "196d6f3d5fda02b6d737700a421c4b5164814abd"

[[projects]]
  branch = "master"
  name = "github.com/mdlayher/raw"
  packages = ["."]
  revision = "37545f7abc64cfd987decf54f15c79ef211561d1"

[[projects]]
  branch = "master"
  name = "github.com/mqliang/libipvs"
  packages = ["."]
  revision = "b5ccc1e5bd005b75d533a255f9c0cb06758e31d5"

[[projects]]
  name = "github.com/pkg/errors"
  packages = ["."]
  revision = "645ef00459ed84a119197bfb8d8205042c6df63d"
  version = "v0.8.0"

[[projects]]
  branch = "master"
  name = "golang.org/x/net"
  packages = ["bpf","context"]
  revision = "1f9224279e98554b6a6432d4dd998a739f8b2b7c"

[[projects]]
  branch = "v2"
  name = "gopkg.in/yaml.v2"
  packages = ["."]
  revision = "cd8b52f8269e0feb286dfeef29f8fe4d5b397e0b"

[solve-meta]
  analyzer-name = "dep"
  analyzer-version = 1
  inputs-digest = "ec7e4d41d2db5de73c8c4949e70c7e506898c56d89c301696d33d4e5e51e3cc1"
  solver-name = "gps-cdcl"
  solver-version = 1
